
Microsoft Visual Studio Solution File, Format Version 12.00
# Visual Studio 2013
VisualStudioVersion = 12.0.30723.0
MinimumVisualStudioVersion = 10.0.40219.1
Project("{FAE04EC0-301F-11D3-BF4B-00C04F79EFBC}") = "WebAuthMe.Cmd", "WebAuthMe.Cmd\WebAuthMe.Cmd.csproj", "{8DFF8103-84AA-4EBE-B343-D2C7B49E5DD1}"
EndProject
Project("{FAE04EC0-301F-11D3-BF4B-00C04F79EFBC}") = "WebAuthMe.WebApi", "WebAuthMe.WebApi\WebAuthMe.WebApi.csproj", "{090EB5B8-5239-401F-B16B-6F651C4836DA}"
EndProject
Project("{FAE04EC0-301F-11D3-BF4B-00C04F79EFBC}") = "WebAuthMe.Core", "WebAuthMe.Core\WebAuthMe.Core.csproj", "{A8F71E09-ECA5-4D21-8E8E-07862366CE32}"
EndProject
Project("{FAE04EC0-301F-11D3-BF4B-00C04F79EFBC}") = "WebAuthMe.WebSite", "WebAuthMe.WebSite\WebAuthMe.WebSite.csproj", "{52A7B081-8EFF-483C-994E-153C45668E67}"
EndProject
Project("{FAE04EC0-301F-11D3-BF4B-00C04F79EFBC}") = "WebAuthMe.Server", "WebAuthMe.Server\WebAuthMe.Server.csproj", "{7AFA973C-B457-44E3-931A-7E6850DD0B71}"
EndProject
Project("{FAE04EC0-301F-11D3-BF4B-00C04F79EFBC}") = "WebAuthMe.DataAccess", "WebAuthMe.DataAccess\WebAuthMe.DataAccess.csproj", "{8D4334A7-689C-4C69-B238-502CD1E77EDA}"
EndProject
Project("{CC5FD16D-436D-48AD-A40C-5A424C6E3E79}") = "WebAuthMe.Cloud", "WebAuthMe.Cloud\WebAuthMe.Cloud.ccproj", "{D20869C1-9D2C-4EB7-977A-538C66DE495B}"
EndProject
Project("{FAE04EC0-301F-11D3-BF4B-00C04F79EFBC}") = "WebAuthMe.Worker", "WebAuthMe.Worker\WebAuthMe.Worker.csproj", "{5D77E831-0133-482A-9DD8-E11214507982}"
EndProject
Project("{FAE04EC0-301F-11D3-BF4B-00C04F79EFBC}") = "WebAuthMe.Services", "WebAuthMe.Services\WebAuthMe.Services.csproj", "{06A6A791-6025-4463-BA07-3CDB36E263D8}"
EndProject
Global
	GlobalSection(SolutionConfigurationPlatforms) = preSolution
		Debug|Any CPU = Debug|Any CPU
		Release|Any CPU = Release|Any CPU
	EndGlobalSection
	GlobalSection(ProjectConfigurationPlatforms) = postSolution
		{8DFF8103-84AA-4EBE-B343-D2C7B49E5DD1}.Debug|Any CPU.ActiveCfg = Debug|Any CPU
		{8DFF8103-84AA-4EBE-B343-D2C7B49E5DD1}.Debug|Any CPU.Build.0 = Debug|Any CPU
		{8DFF8103-84AA-4EBE-B343-D2C7B49E5DD1}.Release|Any CPU.ActiveCfg = Release|Any CPU
		{8DFF8103-84AA-4EBE-B343-D2C7B49E5DD1}.Release|Any CPU.Build.0 = Release|Any CPU
		{090EB5B8-5239-401F-B16B-6F651C4836DA}.Debug|Any CPU.ActiveCfg = Debug|Any CPU
		{090EB5B8-5239-401F-B16B-6F651C4836DA}.Debug|Any CPU.Build.0 = Debug|Any CPU
		{090EB5B8-5239-401F-B16B-6F651C4836DA}.Release|Any CPU.ActiveCfg = Release|Any CPU
		{090EB5B8-5239-401F-B16B-6F651C4836DA}.Release|Any CPU.Build.0 = Release|Any CPU
		{A8F71E09-ECA5-4D21-8E8E-07862366CE32}.Debug|Any CPU.ActiveCfg = Debug|Any CPU
		{A8F71E09-ECA5-4D21-8E8E-07862366CE32}.Debug|Any CPU.Build.0 = Debug|Any CPU
		{A8F71E09-ECA5-4D21-8E8E-07862366CE32}.Release|Any CPU.ActiveCfg = Release|Any CPU
		{A8F71E09-ECA5-4D21-8E8E-07862366CE32}.Release|Any CPU.Build.0 = Release|Any CPU
		{52A7B081-8EFF-483C-994E-153C45668E67}.Debug|Any CPU.ActiveCfg = Debug|Any CPU
		{52A7B081-8EFF-483C-994E-153C45668E67}.Debug|Any CPU.Build.0 = Debug|Any CPU
		{52A7B081-8EFF-483C-994E-153C45668E67}.Release|Any CPU.ActiveCfg = Release|Any CPU
		{52A7B081-8EFF-483C-994E-153C45668E67}.Release|Any CPU.Build.0 = Release|Any CPU
		{7AFA973C-B457-44E3-931A-7E6850DD0B71}.Debug|Any CPU.ActiveCfg = Debug|Any CPU
		{7AFA973C-B457-44E3-931A-7E6850DD0B71}.Debug|Any CPU.Build.0 = Debug|Any CPU
		{7AFA973C-B457-44E3-931A-7E6850DD0B71}.Release|Any CPU.ActiveCfg = Release|Any CPU
		{7AFA973C-B457-44E3-931A-7E6850DD0B71}.Release|Any CPU.Build.0 = Release|Any CPU
		{8D4334A7-689C-4C69-B238-502CD1E77EDA}.Debug|Any CPU.ActiveCfg = Debug|Any CPU
		{8D4334A7-689C-4C69-B238-502CD1E77EDA}.Debug|Any CPU.Build.0 = Debug|Any CPU
		{8D4334A7-689C-4C69-B238-502CD1E77EDA}.Release|Any CPU.ActiveCfg = Release|Any CPU
		{8D4334A7-689C-4C69-B238-502CD1E77EDA}.Release|Any CPU.Build.0 = Release|Any CPU
		{D20869C1-9D2C-4EB7-977A-538C66DE495B}.Debug|Any CPU.ActiveCfg = Debug|Any CPU
		{D20869C1-9D2C-4EB7-977A-538C66DE495B}.Debug|Any CPU.Build.0 = Debug|Any CPU
		{D20869C1-9D2C-4EB7-977A-538C66DE495B}.Release|Any CPU.ActiveCfg = Release|Any CPU
		{D20869C1-9D2C-4EB7-977A-538C66DE495B}.Release|Any CPU.Build.0 = Release|Any CPU
		{5D77E831-0133-482A-9DD8-E11214507982}.Debug|Any CPU.ActiveCfg = Debug|Any CPU
		{5D77E831-0133-482A-9DD8-E11214507982}.Debug|Any CPU.Build.0 = Debug|Any CPU
		{5D77E831-0133-482A-9DD8-E11214507982}.Release|Any CPU.ActiveCfg = Release|Any CPU
		{5D77E831-0133-482A-9DD8-E11214507982}.Release|Any CPU.Build.0 = Release|Any CPU
		{06A6A791-6025-4463-BA07-3CDB36E263D8}.Debug|Any CPU.ActiveCfg = Debug|Any CPU
		{06A6A791-6025-4463-BA07-3CDB36E263D8}.Debug|Any CPU.Build.0 = Debug|Any CPU
		{06A6A791-6025-4463-BA07-3CDB36E263D8}.Release|Any CPU.ActiveCfg = Release|Any CPU
		{06A6A791-6025-4463-BA07-3CDB36E263D8}.Release|Any CPU.Build.0 = Release|Any CPU
	EndGlobalSection
	GlobalSection(SolutionProperties) = preSolution
		HideSolutionNode = FALSE
	EndGlobalSection
EndGlobal
