
Microsoft Visual Studio Solution File, Format Version 12.00
# Visual Studio 2013
VisualStudioVersion = 12.0.30723.0
MinimumVisualStudioVersion = 10.0.40219.1
Project("{FAE04EC0-301F-11D3-BF4B-00C04F79EFBC}") = "WebAuthMe.Cmd", "WebAuthMe.Cmd\WebAuthMe.Cmd.csproj", "{8DFF8103-84AA-4EBE-B343-D2C7B49E5DD1}"
EndProject
Project("{FAE04EC0-301F-11D3-BF4B-00C04F79EFBC}") = "WebAuthMe.Services", "WebAuthMe.Services\WebAuthMe.Services.csproj", "{993257FF-4274-4242-AD5E-6383B2183397}"
EndProject
Project("{FAE04EC0-301F-11D3-BF4B-00C04F79EFBC}") = "WebAuthMe.WebApi", "WebAuthMe.WebApi\WebAuthMe.WebApi.csproj", "{090EB5B8-5239-401F-B16B-6F651C4836DA}"
EndProject
Project("{FAE04EC0-301F-11D3-BF4B-00C04F79EFBC}") = "WebAuthMe.Auth", "WebAuthMe.Auth\WebAuthMe.Auth.csproj", "{0045C775-2C7F-40AA-9818-0AF1CD968C2F}"
EndProject
Project("{FAE04EC0-301F-11D3-BF4B-00C04F79EFBC}") = "WebAuthMe.Core", "WebAuthMe.Core\WebAuthMe.Core.csproj", "{A8F71E09-ECA5-4D21-8E8E-07862366CE32}"
EndProject
Project("{CC5FD16D-436D-48AD-A40C-5A424C6E3E79}") = "WebAuthMe.Cloud", "WebAuthMe.Cloud\WebAuthMe.Cloud.ccproj", "{768171F7-334F-4010-B664-D938D386A410}"
EndProject
Project("{FAE04EC0-301F-11D3-BF4B-00C04F79EFBC}") = "WebAuthMe.WorkerRole", "WebAuthMe.WorkerRole\WebAuthMe.WorkerRole.csproj", "{5AC3AB48-D8EE-4214-B225-C17F015B35DE}"
EndProject
Global
	GlobalSection(SolutionConfigurationPlatforms) = preSolution
		Debug|Any CPU = Debug|Any CPU
		Release|Any CPU = Release|Any CPU
	EndGlobalSection
	GlobalSection(ProjectConfigurationPlatforms) = postSolution
		{8DFF8103-84AA-4EBE-B343-D2C7B49E5DD1}.Debug|Any CPU.ActiveCfg = Debug|Any CPU
		{8DFF8103-84AA-4EBE-B343-D2C7B49E5DD1}.Debug|Any CPU.Build.0 = Debug|Any CPU
		{8DFF8103-84AA-4EBE-B343-D2C7B49E5DD1}.Release|Any CPU.ActiveCfg = Release|Any CPU
		{8DFF8103-84AA-4EBE-B343-D2C7B49E5DD1}.Release|Any CPU.Build.0 = Release|Any CPU
		{993257FF-4274-4242-AD5E-6383B2183397}.Debug|Any CPU.ActiveCfg = Debug|Any CPU
		{993257FF-4274-4242-AD5E-6383B2183397}.Debug|Any CPU.Build.0 = Debug|Any CPU
		{993257FF-4274-4242-AD5E-6383B2183397}.Release|Any CPU.ActiveCfg = Release|Any CPU
		{993257FF-4274-4242-AD5E-6383B2183397}.Release|Any CPU.Build.0 = Release|Any CPU
		{090EB5B8-5239-401F-B16B-6F651C4836DA}.Debug|Any CPU.ActiveCfg = Debug|Any CPU
		{090EB5B8-5239-401F-B16B-6F651C4836DA}.Debug|Any CPU.Build.0 = Debug|Any CPU
		{090EB5B8-5239-401F-B16B-6F651C4836DA}.Release|Any CPU.ActiveCfg = Release|Any CPU
		{090EB5B8-5239-401F-B16B-6F651C4836DA}.Release|Any CPU.Build.0 = Release|Any CPU
		{0045C775-2C7F-40AA-9818-0AF1CD968C2F}.Debug|Any CPU.ActiveCfg = Debug|Any CPU
		{0045C775-2C7F-40AA-9818-0AF1CD968C2F}.Debug|Any CPU.Build.0 = Debug|Any CPU
		{0045C775-2C7F-40AA-9818-0AF1CD968C2F}.Release|Any CPU.ActiveCfg = Release|Any CPU
		{0045C775-2C7F-40AA-9818-0AF1CD968C2F}.Release|Any CPU.Build.0 = Release|Any CPU
		{A8F71E09-ECA5-4D21-8E8E-07862366CE32}.Debug|Any CPU.ActiveCfg = Debug|Any CPU
		{A8F71E09-ECA5-4D21-8E8E-07862366CE32}.Debug|Any CPU.Build.0 = Debug|Any CPU
		{A8F71E09-ECA5-4D21-8E8E-07862366CE32}.Release|Any CPU.ActiveCfg = Release|Any CPU
		{A8F71E09-ECA5-4D21-8E8E-07862366CE32}.Release|Any CPU.Build.0 = Release|Any CPU
		{768171F7-334F-4010-B664-D938D386A410}.Debug|Any CPU.ActiveCfg = Debug|Any CPU
		{768171F7-334F-4010-B664-D938D386A410}.Debug|Any CPU.Build.0 = Debug|Any CPU
		{768171F7-334F-4010-B664-D938D386A410}.Release|Any CPU.ActiveCfg = Release|Any CPU
		{768171F7-334F-4010-B664-D938D386A410}.Release|Any CPU.Build.0 = Release|Any CPU
		{5AC3AB48-D8EE-4214-B225-C17F015B35DE}.Debug|Any CPU.ActiveCfg = Debug|Any CPU
		{5AC3AB48-D8EE-4214-B225-C17F015B35DE}.Debug|Any CPU.Build.0 = Debug|Any CPU
		{5AC3AB48-D8EE-4214-B225-C17F015B35DE}.Release|Any CPU.ActiveCfg = Release|Any CPU
		{5AC3AB48-D8EE-4214-B225-C17F015B35DE}.Release|Any CPU.Build.0 = Release|Any CPU
	EndGlobalSection
	GlobalSection(SolutionProperties) = preSolution
		HideSolutionNode = FALSE
	EndGlobalSection
EndGlobal
